
Microsoft Visual Studio Solution File, Format Version 12.00
# Visual Studio Version 17
VisualStudioVersion = 17.0.31611.283
MinimumVisualStudioVersion = 10.0.40219.1
Project("{9A19103F-16F7-4668-BE54-9A1E7A4F7556}") = "Punjab Ornaments.Mobile", "Punjab Ornaments.Mobile.csproj", "{188F55BD-1C6A-4895-B9F3-F2F34540831B}"
EndProject
Project("{2150E333-8FDC-42A3-9474-1A3956D46DE8}") = "Solution Items", "Solution Items", "{187E51D8-BB99-4315-BFB4-00F5B76727F8}"
EndProject
Project("{D954291E-2A0B-460D-934E-DC6B0785DB48}") = "PunjabOrnaments.Common.Models", "..\PunjabOrnaments.Common\PunjabOrnaments.Common.Models.shproj", "{601197A7-76E1-4C88-B263-D3F0ECF85C4C}"
EndProject
Project("{54A90642-561A-4BB1-A94E-469ADEE60C69}") = "punjabornaments.react.typescript.productadmin", "..\PunjabOrnaments.React.TypeScript.ProductAdmin\punjabornaments.react.typescript.productadmin.esproj", "{FE59F7BB-23C2-4C7A-92BF-2B1D5332049D}"
EndProject
Project("{9A19103F-16F7-4668-BE54-9A1E7A4F7556}") = "PunjabOrnaments.Service.APi", "..\PunjabOrnaments.Service.APi\PunjabOrnaments.Service.APi.csproj", "{B20E75F2-DA7F-4667-8A1A-FCBC62725077}"
EndProject
Project("{54A90642-561A-4BB1-A94E-469ADEE60C69}") = "punjabornaments.react.javascript.productadmin", "..\punjabornaments.react.javascript.productadmin\punjabornaments.react.javascript.productadmin.esproj", "{C493CE3D-A6F5-4613-986E-AD71831FA0BF}"
EndProject
Project("{9A19103F-16F7-4668-BE54-9A1E7A4F7556}") = "CustomControlFramework", "..\CustomControlFramework\CustomControlFramework\CustomControlFramework.csproj", "{CFB31550-CF60-41C5-99C1-CA7F84C20D75}"
EndProject
Global
	GlobalSection(SolutionConfigurationPlatforms) = preSolution
		Debug|Any CPU = Debug|Any CPU
		Release|Any CPU = Release|Any CPU
	EndGlobalSection
	GlobalSection(ProjectConfigurationPlatforms) = postSolution
		{188F55BD-1C6A-4895-B9F3-F2F34540831B}.Debug|Any CPU.ActiveCfg = Debug|Any CPU
		{188F55BD-1C6A-4895-B9F3-F2F34540831B}.Debug|Any CPU.Build.0 = Debug|Any CPU
		{188F55BD-1C6A-4895-B9F3-F2F34540831B}.Debug|Any CPU.Deploy.0 = Debug|Any CPU
		{188F55BD-1C6A-4895-B9F3-F2F34540831B}.Release|Any CPU.ActiveCfg = Release|Any CPU
		{188F55BD-1C6A-4895-B9F3-F2F34540831B}.Release|Any CPU.Build.0 = Release|Any CPU
		{188F55BD-1C6A-4895-B9F3-F2F34540831B}.Release|Any CPU.Deploy.0 = Release|Any CPU
		{FE59F7BB-23C2-4C7A-92BF-2B1D5332049D}.Debug|Any CPU.ActiveCfg = Debug|Any CPU
		{FE59F7BB-23C2-4C7A-92BF-2B1D5332049D}.Debug|Any CPU.Build.0 = Debug|Any CPU
		{FE59F7BB-23C2-4C7A-92BF-2B1D5332049D}.Debug|Any CPU.Deploy.0 = Debug|Any CPU
		{FE59F7BB-23C2-4C7A-92BF-2B1D5332049D}.Release|Any CPU.ActiveCfg = Release|Any CPU
		{FE59F7BB-23C2-4C7A-92BF-2B1D5332049D}.Release|Any CPU.Build.0 = Release|Any CPU
		{FE59F7BB-23C2-4C7A-92BF-2B1D5332049D}.Release|Any CPU.Deploy.0 = Release|Any CPU
		{B20E75F2-DA7F-4667-8A1A-FCBC62725077}.Debug|Any CPU.ActiveCfg = Debug|Any CPU
		{B20E75F2-DA7F-4667-8A1A-FCBC62725077}.Debug|Any CPU.Build.0 = Debug|Any CPU
		{B20E75F2-DA7F-4667-8A1A-FCBC62725077}.Release|Any CPU.ActiveCfg = Release|Any CPU
		{B20E75F2-DA7F-4667-8A1A-FCBC62725077}.Release|Any CPU.Build.0 = Release|Any CPU
		{C493CE3D-A6F5-4613-986E-AD71831FA0BF}.Debug|Any CPU.ActiveCfg = Debug|Any CPU
		{C493CE3D-A6F5-4613-986E-AD71831FA0BF}.Debug|Any CPU.Build.0 = Debug|Any CPU
		{C493CE3D-A6F5-4613-986E-AD71831FA0BF}.Debug|Any CPU.Deploy.0 = Debug|Any CPU
		{C493CE3D-A6F5-4613-986E-AD71831FA0BF}.Release|Any CPU.ActiveCfg = Release|Any CPU
		{C493CE3D-A6F5-4613-986E-AD71831FA0BF}.Release|Any CPU.Build.0 = Release|Any CPU
		{C493CE3D-A6F5-4613-986E-AD71831FA0BF}.Release|Any CPU.Deploy.0 = Release|Any CPU
		{CFB31550-CF60-41C5-99C1-CA7F84C20D75}.Debug|Any CPU.ActiveCfg = Debug|Any CPU
		{CFB31550-CF60-41C5-99C1-CA7F84C20D75}.Debug|Any CPU.Build.0 = Debug|Any CPU
		{CFB31550-CF60-41C5-99C1-CA7F84C20D75}.Release|Any CPU.ActiveCfg = Release|Any CPU
		{CFB31550-CF60-41C5-99C1-CA7F84C20D75}.Release|Any CPU.Build.0 = Release|Any CPU
	EndGlobalSection
	GlobalSection(SolutionProperties) = preSolution
		HideSolutionNode = FALSE
	EndGlobalSection
	GlobalSection(ExtensibilityGlobals) = postSolution
		SolutionGuid = {61F7FB11-1E47-470C-91E2-47F8143E1572}
	EndGlobalSection
	GlobalSection(SharedMSBuildProjectFiles) = preSolution
		..\PunjabOrnaments.Common\PunjabOrnaments.Common.projitems*{188f55bd-1c6a-4895-b9f3-f2f34540831b}*SharedItemsImports = 5
		..\PunjabOrnaments.Common\PunjabOrnaments.Common.projitems*{601197a7-76e1-4c88-b263-d3f0ecf85c4c}*SharedItemsImports = 13
		..\PunjabOrnaments.Common\PunjabOrnaments.Common.projitems*{b20e75f2-da7f-4667-8a1a-fcbc62725077}*SharedItemsImports = 5
	EndGlobalSection
EndGlobal
